
Microsoft Visual Studio Solution File, Format Version 12.00
# Visual Studio Version 16
VisualStudioVersion = 16.0.30309.148
MinimumVisualStudioVersion = 10.0.40219.1
Project("{9A19103F-16F7-4668-BE54-9A1E7A4F7556}") = "SimpleServer", "SimpleServer\SimpleServer.csproj", "{D3776EB0-62DC-45DA-AFB5-EDF7AAFF2C79}"
EndProject
Project("{FAE04EC0-301F-11D3-BF4B-00C04F79EFBC}") = "RequestProcessor", "RequestProcessor\RequestProcessor.csproj", "{60C012E1-0747-4FDE-B06C-37F5D2176065}"
EndProject
Global
	GlobalSection(SolutionConfigurationPlatforms) = preSolution
		Debug|Any CPU = Debug|Any CPU
		Release|Any CPU = Release|Any CPU
	EndGlobalSection
	GlobalSection(ProjectConfigurationPlatforms) = postSolution
		{D3776EB0-62DC-45DA-AFB5-EDF7AAFF2C79}.Debug|Any CPU.ActiveCfg = Debug|Any CPU
		{D3776EB0-62DC-45DA-AFB5-EDF7AAFF2C79}.Debug|Any CPU.Build.0 = Debug|Any CPU
		{D3776EB0-62DC-45DA-AFB5-EDF7AAFF2C79}.Release|Any CPU.ActiveCfg = Release|Any CPU
		{D3776EB0-62DC-45DA-AFB5-EDF7AAFF2C79}.Release|Any CPU.Build.0 = Release|Any CPU
		{60C012E1-0747-4FDE-B06C-37F5D2176065}.Debug|Any CPU.ActiveCfg = Debug|Any CPU
		{60C012E1-0747-4FDE-B06C-37F5D2176065}.Debug|Any CPU.Build.0 = Debug|Any CPU
		{60C012E1-0747-4FDE-B06C-37F5D2176065}.Release|Any CPU.ActiveCfg = Release|Any CPU
		{60C012E1-0747-4FDE-B06C-37F5D2176065}.Release|Any CPU.Build.0 = Release|Any CPU
	EndGlobalSection
	GlobalSection(SolutionProperties) = preSolution
		HideSolutionNode = FALSE
	EndGlobalSection
	GlobalSection(ExtensibilityGlobals) = postSolution
		SolutionGuid = {B96FFDF8-87D2-48A8-B1E4-E5F6D581D6C1}
	EndGlobalSection
EndGlobal
